
Microsoft Visual Studio Solution File, Format Version 12.00
# Visual Studio Version 17
VisualStudioVersion = 17.5.002.0
MinimumVisualStudioVersion = 10.0.40219.1
Project("{9A19103F-16F7-4668-BE54-9A1E7A4F7556}") = "CodeChallenge4", "CodeChallenge4.csproj", "{AD3874D3-FE15-435B-88FB-386626E2592D}"
EndProject
Global
	GlobalSection(SolutionConfigurationPlatforms) = preSolution
		Debug|Any CPU = Debug|Any CPU
		Release|Any CPU = Release|Any CPU
	EndGlobalSection
	GlobalSection(ProjectConfigurationPlatforms) = postSolution
		{AD3874D3-FE15-435B-88FB-386626E2592D}.Debug|Any CPU.ActiveCfg = Debug|Any CPU
		{AD3874D3-FE15-435B-88FB-386626E2592D}.Debug|Any CPU.Build.0 = Debug|Any CPU
		{AD3874D3-FE15-435B-88FB-386626E2592D}.Release|Any CPU.ActiveCfg = Release|Any CPU
		{AD3874D3-FE15-435B-88FB-386626E2592D}.Release|Any CPU.Build.0 = Release|Any CPU
	EndGlobalSection
	GlobalSection(SolutionProperties) = preSolution
		HideSolutionNode = FALSE
	EndGlobalSection
	GlobalSection(ExtensibilityGlobals) = postSolution
		SolutionGuid = {B440305B-C706-450F-BF20-0BFA8848F2CA}
	EndGlobalSection
EndGlobal
