
Microsoft Visual Studio Solution File, Format Version 12.00
# Visual Studio Version 17
VisualStudioVersion = 17.5.002.0
MinimumVisualStudioVersion = 10.0.40219.1
Project("{9A19103F-16F7-4668-BE54-9A1E7A4F7556}") = "GuidedProject1", "GuidedProject1.csproj", "{523D4491-7407-4F54-9F63-24DDB4432455}"
EndProject
Global
	GlobalSection(SolutionConfigurationPlatforms) = preSolution
		Debug|Any CPU = Debug|Any CPU
		Release|Any CPU = Release|Any CPU
	EndGlobalSection
	GlobalSection(ProjectConfigurationPlatforms) = postSolution
		{523D4491-7407-4F54-9F63-24DDB4432455}.Debug|Any CPU.ActiveCfg = Debug|Any CPU
		{523D4491-7407-4F54-9F63-24DDB4432455}.Debug|Any CPU.Build.0 = Debug|Any CPU
		{523D4491-7407-4F54-9F63-24DDB4432455}.Release|Any CPU.ActiveCfg = Release|Any CPU
		{523D4491-7407-4F54-9F63-24DDB4432455}.Release|Any CPU.Build.0 = Release|Any CPU
	EndGlobalSection
	GlobalSection(SolutionProperties) = preSolution
		HideSolutionNode = FALSE
	EndGlobalSection
	GlobalSection(ExtensibilityGlobals) = postSolution
		SolutionGuid = {52EC1582-1594-4465-83D5-5D3B7AF5EF90}
	EndGlobalSection
EndGlobal
