
Microsoft Visual Studio Solution File, Format Version 12.00
# Visual Studio Version 17
VisualStudioVersion = 17.5.002.0
MinimumVisualStudioVersion = 10.0.40219.1
Project("{9A19103F-16F7-4668-BE54-9A1E7A4F7556}") = "Choosing-Data-Types", "Choosing-Data-Types.csproj", "{63BA8D64-EDEF-411F-BCCF-8B692239C745}"
EndProject
Global
	GlobalSection(SolutionConfigurationPlatforms) = preSolution
		Debug|Any CPU = Debug|Any CPU
		Release|Any CPU = Release|Any CPU
	EndGlobalSection
	GlobalSection(ProjectConfigurationPlatforms) = postSolution
		{63BA8D64-EDEF-411F-BCCF-8B692239C745}.Debug|Any CPU.ActiveCfg = Debug|Any CPU
		{63BA8D64-EDEF-411F-BCCF-8B692239C745}.Debug|Any CPU.Build.0 = Debug|Any CPU
		{63BA8D64-EDEF-411F-BCCF-8B692239C745}.Release|Any CPU.ActiveCfg = Release|Any CPU
		{63BA8D64-EDEF-411F-BCCF-8B692239C745}.Release|Any CPU.Build.0 = Release|Any CPU
	EndGlobalSection
	GlobalSection(SolutionProperties) = preSolution
		HideSolutionNode = FALSE
	EndGlobalSection
	GlobalSection(ExtensibilityGlobals) = postSolution
		SolutionGuid = {7D2A37E5-F51A-4D95-8EC0-3AF2EFD7FD10}
	EndGlobalSection
EndGlobal
